
Microsoft Visual Studio Solution File, Format Version 12.00
# Visual Studio Version 17
VisualStudioVersion = 17.5.33516.290
MinimumVisualStudioVersion = 10.0.40219.1
Project("{FAE04EC0-301F-11D3-BF4B-00C04F79EFBC}") = "PracticaEmpresarial_RobertChavesPerez", "PracticaEmpresarial_RobertChavesPerez\PracticaEmpresarial_RobertChavesPerez.csproj", "{0CC6D56D-EAAE-4656-841B-093699A9A18C}"
EndProject
Project("{FAE04EC0-301F-11D3-BF4B-00C04F79EFBC}") = "Logica", "Logica\Logica.csproj", "{ADD3F562-FD2F-4E41-9A22-7DD40EE9A275}"
EndProject
Global
	GlobalSection(SolutionConfigurationPlatforms) = preSolution
		Debug|Any CPU = Debug|Any CPU
		Release|Any CPU = Release|Any CPU
	EndGlobalSection
	GlobalSection(ProjectConfigurationPlatforms) = postSolution
		{0CC6D56D-EAAE-4656-841B-093699A9A18C}.Debug|Any CPU.ActiveCfg = Debug|Any CPU
		{0CC6D56D-EAAE-4656-841B-093699A9A18C}.Debug|Any CPU.Build.0 = Debug|Any CPU
		{0CC6D56D-EAAE-4656-841B-093699A9A18C}.Release|Any CPU.ActiveCfg = Release|Any CPU
		{0CC6D56D-EAAE-4656-841B-093699A9A18C}.Release|Any CPU.Build.0 = Release|Any CPU
		{ADD3F562-FD2F-4E41-9A22-7DD40EE9A275}.Debug|Any CPU.ActiveCfg = Debug|Any CPU
		{ADD3F562-FD2F-4E41-9A22-7DD40EE9A275}.Debug|Any CPU.Build.0 = Debug|Any CPU
		{ADD3F562-FD2F-4E41-9A22-7DD40EE9A275}.Release|Any CPU.ActiveCfg = Release|Any CPU
		{ADD3F562-FD2F-4E41-9A22-7DD40EE9A275}.Release|Any CPU.Build.0 = Release|Any CPU
	EndGlobalSection
	GlobalSection(SolutionProperties) = preSolution
		HideSolutionNode = FALSE
	EndGlobalSection
	GlobalSection(ExtensibilityGlobals) = postSolution
		SolutionGuid = {800D27E9-064A-4F87-9701-F2636DA2B424}
	EndGlobalSection
EndGlobal
